
Microsoft Visual Studio Solution File, Format Version 12.00
# Visual Studio Version 16
VisualStudioVersion = 16.0.30711.63
MinimumVisualStudioVersion = 10.0.40219.1
Project("{9A19103F-16F7-4668-BE54-9A1E7A4F7556}") = "VIS_HotelManagement", "VIS_HotelManagement\VIS_HotelManagement.csproj", "{EE657835-3E09-430B-8D53-84970EB755FE}"
EndProject
Project("{FAE04EC0-301F-11D3-BF4B-00C04F79EFBC}") = "DataLayer", "DataLayer\DataLayer.csproj", "{C8783EC4-6735-4784-A728-992F5B8ECA9F}"
EndProject
Project("{FAE04EC0-301F-11D3-BF4B-00C04F79EFBC}") = "ServiceLayer", "ServiceLayer\ServiceLayer.csproj", "{6EA0694F-CD1D-4E48-BEE5-1016415A7F48}"
EndProject
Project("{FAE04EC0-301F-11D3-BF4B-00C04F79EFBC}") = "DesktopApp", "DesktopApp\DesktopApp.csproj", "{AB8A87A3-874A-49AA-AE57-5CAABE7D9842}"
EndProject
Project("{FAE04EC0-301F-11D3-BF4B-00C04F79EFBC}") = "DomainLayer", "DomainLayer\DomainLayer.csproj", "{DEF04460-C5FE-4DF6-8531-D731A26BF0C4}"
EndProject
Global
	GlobalSection(SolutionConfigurationPlatforms) = preSolution
		Debug|Any CPU = Debug|Any CPU
		Release|Any CPU = Release|Any CPU
	EndGlobalSection
	GlobalSection(ProjectConfigurationPlatforms) = postSolution
		{EE657835-3E09-430B-8D53-84970EB755FE}.Debug|Any CPU.ActiveCfg = Debug|Any CPU
		{EE657835-3E09-430B-8D53-84970EB755FE}.Debug|Any CPU.Build.0 = Debug|Any CPU
		{EE657835-3E09-430B-8D53-84970EB755FE}.Release|Any CPU.ActiveCfg = Release|Any CPU
		{EE657835-3E09-430B-8D53-84970EB755FE}.Release|Any CPU.Build.0 = Release|Any CPU
		{C8783EC4-6735-4784-A728-992F5B8ECA9F}.Debug|Any CPU.ActiveCfg = Debug|Any CPU
		{C8783EC4-6735-4784-A728-992F5B8ECA9F}.Debug|Any CPU.Build.0 = Debug|Any CPU
		{C8783EC4-6735-4784-A728-992F5B8ECA9F}.Release|Any CPU.ActiveCfg = Release|Any CPU
		{C8783EC4-6735-4784-A728-992F5B8ECA9F}.Release|Any CPU.Build.0 = Release|Any CPU
		{6EA0694F-CD1D-4E48-BEE5-1016415A7F48}.Debug|Any CPU.ActiveCfg = Debug|Any CPU
		{6EA0694F-CD1D-4E48-BEE5-1016415A7F48}.Debug|Any CPU.Build.0 = Debug|Any CPU
		{6EA0694F-CD1D-4E48-BEE5-1016415A7F48}.Release|Any CPU.ActiveCfg = Release|Any CPU
		{6EA0694F-CD1D-4E48-BEE5-1016415A7F48}.Release|Any CPU.Build.0 = Release|Any CPU
		{AB8A87A3-874A-49AA-AE57-5CAABE7D9842}.Debug|Any CPU.ActiveCfg = Debug|Any CPU
		{AB8A87A3-874A-49AA-AE57-5CAABE7D9842}.Debug|Any CPU.Build.0 = Debug|Any CPU
		{AB8A87A3-874A-49AA-AE57-5CAABE7D9842}.Release|Any CPU.ActiveCfg = Release|Any CPU
		{AB8A87A3-874A-49AA-AE57-5CAABE7D9842}.Release|Any CPU.Build.0 = Release|Any CPU
		{DEF04460-C5FE-4DF6-8531-D731A26BF0C4}.Debug|Any CPU.ActiveCfg = Debug|Any CPU
		{DEF04460-C5FE-4DF6-8531-D731A26BF0C4}.Debug|Any CPU.Build.0 = Debug|Any CPU
		{DEF04460-C5FE-4DF6-8531-D731A26BF0C4}.Release|Any CPU.ActiveCfg = Release|Any CPU
		{DEF04460-C5FE-4DF6-8531-D731A26BF0C4}.Release|Any CPU.Build.0 = Release|Any CPU
	EndGlobalSection
	GlobalSection(SolutionProperties) = preSolution
		HideSolutionNode = FALSE
	EndGlobalSection
	GlobalSection(ExtensibilityGlobals) = postSolution
		SolutionGuid = {10DF1430-08B1-42DA-ABE4-4524C2AFCB98}
	EndGlobalSection
EndGlobal
